{
  "name": "wick-node-example",
  "version": "1.0.0",
  "lockfileVersion": 3,
  "requires": true,
  "packages": {
    "": {
      "name": "wick-node-example",
      "version": "1.0.0",
      "license": "ISC",
      "dependencies": {
        "@candlecorp/wick": "^0.3.1",
        "@msgpack/msgpack": "^3.0.0-beta2",
        "rxjs": "^7.8.1",
        "wasmrs-js": "^0.3.1"
      },
      "devDependencies": {
        "@types/node": "^20.8.10"
      }
    },
    "node_modules/@candlecorp/browser_wasi_shim": {
      "version": "0.2.16",
      "resolved": "https://registry.npmjs.org/@candlecorp/browser_wasi_shim/-/browser_wasi_shim-0.2.16.tgz",
      "integrity": "sha512-aWH+TNqN0RkPbazUPyl3R6FMlTR8BlFqT7z+gYmGJyKI1TGRqpQqRXgPHTphiOumKkPmXNY5di0SE2vJ7taWpQ=="
    },
    "node_modules/@candlecorp/rsocket-adapter-rxjs": {
      "version": "0.1.1",
      "resolved": "https://registry.npmjs.org/@candlecorp/rsocket-adapter-rxjs/-/rsocket-adapter-rxjs-0.1.1.tgz",
      "integrity": "sha512-TXVJyHQ3r8m7z78Dtuv+lmfn9CiSZJYPnNj4+x8JrkA97hpXkOoxz+STu3FvxYMeKcEhlH2Kr0ewDgVy8+lkwg==",
      "dependencies": {
        "rsocket-core": "^1.0.0-alpha.3",
        "rsocket-messaging": "^1.0.0-alpha.3",
        "rxjs": "^7.4.0"
      },
      "engines": {
        "node": ">=19.0.0"
      }
    },
    "node_modules/@candlecorp/wick": {
      "version": "0.3.1",
      "resolved": "https://registry.npmjs.org/@candlecorp/wick/-/wick-0.3.1.tgz",
      "integrity": "sha512-PXbeMZB15VMelOMcJ3LXJedxg06qpiIWIxmIWJMn1nRm9CUVRiTbxYNVwLDyrY2NJxH5Vq4pp3WxMRvrZHnnMw==",
      "dependencies": {
        "@candlecorp/rsocket-adapter-rxjs": "^0.1.1",
        "@msgpack/msgpack": "^3.0.0-beta2",
        "debug": "^4.3.4",
        "rsocket-core": "^1.0.0-alpha.3",
        "rsocket-messaging": "^1.0.0-alpha.3",
        "rxjs": "^7.8.1",
        "wasmrs-js": "^0.3.1"
      },
      "engines": {
        "node": ">=0.19.0"
      }
    },
    "node_modules/@msgpack/msgpack": {
      "version": "3.0.0-beta2",
      "resolved": "https://registry.npmjs.org/@msgpack/msgpack/-/msgpack-3.0.0-beta2.tgz",
      "integrity": "sha512-y+l1PNV0XDyY8sM3YtuMLK5vE3/hkfId+Do8pLo/OPxfxuFAUwcGz3oiiUuV46/aBpwTzZ+mRWVMtlSKbradhw==",
      "engines": {
        "node": ">= 14"
      }
    },
    "node_modules/@types/node": {
      "version": "20.8.10",
      "resolved": "https://registry.npmjs.org/@types/node/-/node-20.8.10.tgz",
      "integrity": "sha512-TlgT8JntpcbmKUFzjhsyhGfP2fsiz1Mv56im6enJ905xG1DAYesxJaeSbGqQmAw8OWPdhyJGhGSQGKRNJ45u9w==",
      "dev": true,
      "dependencies": {
        "undici-types": "~5.26.4"
      }
    },
    "node_modules/debug": {
      "version": "4.3.4",
      "resolved": "https://registry.npmjs.org/debug/-/debug-4.3.4.tgz",
      "integrity": "sha512-PRWFHuSU3eDtQJPvnNY7Jcket1j0t5OuOsFzPPzsekD52Zl8qUfFIPEiswXqIvHWGVHOgX+7G/vCNNhehwxfkQ==",
      "dependencies": {
        "ms": "2.1.2"
      },
      "engines": {
        "node": ">=6.0"
      },
      "peerDependenciesMeta": {
        "supports-color": {
          "optional": true
        }
      }
    },
    "node_modules/ms": {
      "version": "2.1.2",
      "resolved": "https://registry.npmjs.org/ms/-/ms-2.1.2.tgz",
      "integrity": "sha512-sGkPx+VjMtmA6MX27oA4FBFELFCZZ4S4XqeGOXCv68tT+jb3vk/RyaKWP0PTKyWtmLSM0b+adUTEvbs1PEaH2w=="
    },
    "node_modules/rsocket-composite-metadata": {
      "version": "1.0.0-alpha.3",
      "resolved": "https://registry.npmjs.org/rsocket-composite-metadata/-/rsocket-composite-metadata-1.0.0-alpha.3.tgz",
      "integrity": "sha512-o+msmc1pXnejLw4TDgMllynS9/L3TGJM25kqedTxqU6wVF9jnTA95w7T4scGwwX6qiAryT90HQGUaT+An44X3w==",
      "dependencies": {
        "rsocket-core": "^1.0.0-alpha.3"
      }
    },
    "node_modules/rsocket-core": {
      "version": "1.0.0-alpha.3",
      "resolved": "https://registry.npmjs.org/rsocket-core/-/rsocket-core-1.0.0-alpha.3.tgz",
      "integrity": "sha512-BzIe2w8dFJlUS5N9fGUNRkxL19kd64bxbXsT11wj7isLfKkPZeNXisB2p/LWvSjFzWStnpOiScZ0g3/8ROE0pw=="
    },
    "node_modules/rsocket-messaging": {
      "version": "1.0.0-alpha.3",
      "resolved": "https://registry.npmjs.org/rsocket-messaging/-/rsocket-messaging-1.0.0-alpha.3.tgz",
      "integrity": "sha512-fr/BDCLI4DMyzVI5hHsABVpKlKxGX8rbfdgcXgY6VKuBlDIX0oqGApqLdSq0YfvNpgjlpuOXYj4vlhLku959Yw==",
      "dependencies": {
        "rsocket-composite-metadata": "^1.0.0-alpha.3",
        "rsocket-core": "^1.0.0-alpha.3"
      }
    },
    "node_modules/rxjs": {
      "version": "7.8.1",
      "resolved": "https://registry.npmjs.org/rxjs/-/rxjs-7.8.1.tgz",
      "integrity": "sha512-AA3TVj+0A2iuIoQkWEK/tqFjBq2j+6PO6Y0zJcvzLAFhEFIO3HL0vls9hWLncZbAAbK0mar7oZ4V079I/qPMxg==",
      "dependencies": {
        "tslib": "^2.1.0"
      }
    },
    "node_modules/tslib": {
      "version": "2.6.2",
      "resolved": "https://registry.npmjs.org/tslib/-/tslib-2.6.2.tgz",
      "integrity": "sha512-AEYxH93jGFPn/a2iVAwW87VuUIkR1FVUKB77NwMF7nBTDkDrrT/Hpt/IrCJ0QXhW27jTBDcf5ZY7w6RiqTMw2Q=="
    },
    "node_modules/undici-types": {
      "version": "5.26.5",
      "resolved": "https://registry.npmjs.org/undici-types/-/undici-types-5.26.5.tgz",
      "integrity": "sha512-JlCMO+ehdEIKqlFxk6IfVoAUVmgz7cU7zD/h9XZ0qzeosSHmUJVOzSQvvYSYWXkFXC+IfLKSIffhv0sVZup6pA==",
      "dev": true
    },
    "node_modules/wasmrs-js": {
      "version": "0.3.1",
      "resolved": "https://registry.npmjs.org/wasmrs-js/-/wasmrs-js-0.3.1.tgz",
      "integrity": "sha512-uZr66jowmm6fZ5bbLxaUdvZFvqNPuON6YYRwI4EZSz33vcqnoGJv9+UtEEyphvpt98BSMC6lF72+SUqQpxbpTw==",
      "dependencies": {
        "@candlecorp/browser_wasi_shim": "^0.2.16",
        "debug": "^4.3.4",
        "rsocket-core": "^1.0.0-alpha.3",
        "web-worker": "^1.2.0"
      },
      "engines": {
        "node": ">=0.19.0"
      }
    },
    "node_modules/web-worker": {
      "version": "1.2.0",
      "resolved": "https://registry.npmjs.org/web-worker/-/web-worker-1.2.0.tgz",
      "integrity": "sha512-PgF341avzqyx60neE9DD+XS26MMNMoUQRz9NOZwW32nPQrF6p77f1htcnjBSEV8BGMKZ16choqUG4hyI0Hx7mA=="
    }
  }
}
